
Microsoft Visual Studio Solution File, Format Version 12.00
# Visual Studio Version 17
VisualStudioVersion = 17.7.34031.279
MinimumVisualStudioVersion = 10.0.40219.1
Project("{9A19103F-16F7-4668-BE54-9A1E7A4F7556}") = "heroisVSmonstres", "heroisVSmonstres.csproj", "{6A827E4E-2AFA-4BEB-89E5-9D6A0EC4D25B}"
EndProject
Project("{FAE04EC0-301F-11D3-BF4B-00C04F79EFBC}") = "BattleFunction", "..\BattleFunction\BattleFunction.csproj", "{5876DED8-7446-47D3-A522-D17A19D5CDCC}"
EndProject
Global
	GlobalSection(SolutionConfigurationPlatforms) = preSolution
		Debug|Any CPU = Debug|Any CPU
		Release|Any CPU = Release|Any CPU
	EndGlobalSection
	GlobalSection(ProjectConfigurationPlatforms) = postSolution
		{6A827E4E-2AFA-4BEB-89E5-9D6A0EC4D25B}.Debug|Any CPU.ActiveCfg = Debug|Any CPU
		{6A827E4E-2AFA-4BEB-89E5-9D6A0EC4D25B}.Debug|Any CPU.Build.0 = Debug|Any CPU
		{6A827E4E-2AFA-4BEB-89E5-9D6A0EC4D25B}.Release|Any CPU.ActiveCfg = Release|Any CPU
		{6A827E4E-2AFA-4BEB-89E5-9D6A0EC4D25B}.Release|Any CPU.Build.0 = Release|Any CPU
		{5876DED8-7446-47D3-A522-D17A19D5CDCC}.Debug|Any CPU.ActiveCfg = Debug|Any CPU
		{5876DED8-7446-47D3-A522-D17A19D5CDCC}.Debug|Any CPU.Build.0 = Debug|Any CPU
		{5876DED8-7446-47D3-A522-D17A19D5CDCC}.Release|Any CPU.ActiveCfg = Release|Any CPU
		{5876DED8-7446-47D3-A522-D17A19D5CDCC}.Release|Any CPU.Build.0 = Release|Any CPU
	EndGlobalSection
	GlobalSection(SolutionProperties) = preSolution
		HideSolutionNode = FALSE
	EndGlobalSection
	GlobalSection(ExtensibilityGlobals) = postSolution
		SolutionGuid = {F2EDB6C3-F7F9-4433-BD0E-0438F65DAFE5}
	EndGlobalSection
EndGlobal
